{
  "name": "maxgoh.io",
  "version": "0.0.0",
  "lockfileVersion": 1,
  "dependencies": {
    "@types/marked": {
      "version": "0.0.27",
      "resolved": "https://registry.npmjs.org/@types/marked/-/marked-0.0.27.tgz",
      "integrity": "sha1-xxRFRl8igO557cg+LDvc2O31NVQ="
    },
    "markdown-to-html-pipe": {
      "version": "1.2.1",
      "resolved": "https://registry.npmjs.org/markdown-to-html-pipe/-/markdown-to-html-pipe-1.2.1.tgz",
      "integrity": "sha1-o1y4z37/1RnEIX1g9CZ+W5E681Y="
    },
    "marked": {
      "version": "0.3.6",
      "resolved": "https://registry.npmjs.org/marked/-/marked-0.3.6.tgz",
      "integrity": "sha1-ssbGGPzOzk74bE/Gy4p8v1rtqNc="
    }
  }
}
